{
  "name": "html",
  "version": "1.0.0",
  "lockfileVersion": 2,
  "requires": true,
  "packages": {
    "": {
      "name": "html",
      "version": "1.0.0",
      "license": "ISC",
      "dependencies": {
        "@eeue56/coed": "^0.0.16-0"
      }
    },
    "node_modules/@eeue56/coed": {
      "version": "0.0.16-0",
      "resolved": "https://registry.npmjs.org/@eeue56/coed/-/coed-0.0.16-0.tgz",
      "integrity": "sha512-zgQTQP8UMzqXWP3U6D/JEOUnrTkS3crPDn7drwe42bhZQGf32Dlei36bUT4lcbC2oinaMqI5jRl76tXWuvMByw==",
      "dependencies": {
        "@eeue56/ts-core": "^1.1.0",
        "@types/node": "^14.14.31",
        "typescript": "^4.2.2"
      }
    },
    "node_modules/@eeue56/ts-core": {
      "version": "1.1.0",
      "resolved": "https://registry.npmjs.org/@eeue56/ts-core/-/ts-core-1.1.0.tgz",
      "integrity": "sha512-OS5Ah1tJwyfXwoZOxwtnTso73FUeOAwUAEgKVHBra6G99nZpuYwrjtQy43KQsjiefcf9ztKPBkx+SxzerIPnNQ==",
      "dependencies": {
        "@types/node": "^14.14.31"
      },
      "engines": {
        "node": ">=10"
      }
    },
    "node_modules/@types/node": {
      "version": "14.18.3",
      "resolved": "https://registry.npmjs.org/@types/node/-/node-14.18.3.tgz",
      "integrity": "sha512-GtTH2crF4MtOIrrAa+jgTV9JX/PfoUCYr6MiZw7O/dkZu5b6gm5dc1nAL0jwGo4ortSBBtGyeVaxdC8X6V+pLg=="
    },
    "node_modules/typescript": {
      "version": "4.5.4",
      "resolved": "https://registry.npmjs.org/typescript/-/typescript-4.5.4.tgz",
      "integrity": "sha512-VgYs2A2QIRuGphtzFV7aQJduJ2gyfTljngLzjpfW9FoYZF6xuw1W0vW9ghCKLfcWrCFxK81CSGRAvS1pn4fIUg==",
      "bin": {
        "tsc": "bin/tsc",
        "tsserver": "bin/tsserver"
      },
      "engines": {
        "node": ">=4.2.0"
      }
    }
  },
  "dependencies": {
    "@eeue56/coed": {
      "version": "0.0.16-0",
      "resolved": "https://registry.npmjs.org/@eeue56/coed/-/coed-0.0.16-0.tgz",
      "integrity": "sha512-zgQTQP8UMzqXWP3U6D/JEOUnrTkS3crPDn7drwe42bhZQGf32Dlei36bUT4lcbC2oinaMqI5jRl76tXWuvMByw==",
      "requires": {
        "@eeue56/ts-core": "^1.1.0",
        "@types/node": "^14.14.31",
        "typescript": "^4.2.2"
      }
    },
    "@eeue56/ts-core": {
      "version": "1.1.0",
      "resolved": "https://registry.npmjs.org/@eeue56/ts-core/-/ts-core-1.1.0.tgz",
      "integrity": "sha512-OS5Ah1tJwyfXwoZOxwtnTso73FUeOAwUAEgKVHBra6G99nZpuYwrjtQy43KQsjiefcf9ztKPBkx+SxzerIPnNQ==",
      "requires": {
        "@types/node": "^14.14.31"
      }
    },
    "@types/node": {
      "version": "14.18.3",
      "resolved": "https://registry.npmjs.org/@types/node/-/node-14.18.3.tgz",
      "integrity": "sha512-GtTH2crF4MtOIrrAa+jgTV9JX/PfoUCYr6MiZw7O/dkZu5b6gm5dc1nAL0jwGo4ortSBBtGyeVaxdC8X6V+pLg=="
    },
    "typescript": {
      "version": "4.5.4",
      "resolved": "https://registry.npmjs.org/typescript/-/typescript-4.5.4.tgz",
      "integrity": "sha512-VgYs2A2QIRuGphtzFV7aQJduJ2gyfTljngLzjpfW9FoYZF6xuw1W0vW9ghCKLfcWrCFxK81CSGRAvS1pn4fIUg=="
    }
  }
}
